
Microsoft Visual Studio Solution File, Format Version 12.00
# Visual Studio Version 17
VisualStudioVersion = 17.1.32120.378
MinimumVisualStudioVersion = 10.0.40219.1
Project("{FAE04EC0-301F-11D3-BF4B-00C04F79EFBC}") = "Pixel Art Generator V3", "Pixel Art Generator V3\Pixel Art Generator V3.csproj", "{3FB18F3D-6BF1-428E-888E-55B811BEB05A}"
EndProject
Global
	GlobalSection(SolutionConfigurationPlatforms) = preSolution
		Debug|Any CPU = Debug|Any CPU
		Release|Any CPU = Release|Any CPU
	EndGlobalSection
	GlobalSection(ProjectConfigurationPlatforms) = postSolution
		{3FB18F3D-6BF1-428E-888E-55B811BEB05A}.Debug|Any CPU.ActiveCfg = Debug|Any CPU
		{3FB18F3D-6BF1-428E-888E-55B811BEB05A}.Debug|Any CPU.Build.0 = Debug|Any CPU
		{3FB18F3D-6BF1-428E-888E-55B811BEB05A}.Release|Any CPU.ActiveCfg = Release|Any CPU
		{3FB18F3D-6BF1-428E-888E-55B811BEB05A}.Release|Any CPU.Build.0 = Release|Any CPU
	EndGlobalSection
	GlobalSection(SolutionProperties) = preSolution
		HideSolutionNode = FALSE
	EndGlobalSection
	GlobalSection(ExtensibilityGlobals) = postSolution
		SolutionGuid = {D503A657-E87F-4A22-B6F8-BF1ECE9A23B0}
	EndGlobalSection
EndGlobal
